
Microsoft Visual Studio Solution File, Format Version 12.00
# Visual Studio Version 17
VisualStudioVersion = 17.3.32804.467
MinimumVisualStudioVersion = 10.0.40219.1
Project("{FAE04EC0-301F-11D3-BF4B-00C04F79EFBC}") = "Objects and Classes", "Objects and Classes\Objects and Classes.csproj", "{5C044A7B-F194-4E81-A8FF-A03711BF402F}"
EndProject
Project("{FAE04EC0-301F-11D3-BF4B-00C04F79EFBC}") = "PenSample", "PenSample\PenSample.csproj", "{9EC2654F-3A48-4530-BC96-44B5BAFE43EA}"
EndProject
Project("{FAE04EC0-301F-11D3-BF4B-00C04F79EFBC}") = "PenSample2", "PenSample2\PenSample2.csproj", "{D0FB47E1-014C-4FFB-AD1D-191F3AF3C957}"
EndProject
Project("{FAE04EC0-301F-11D3-BF4B-00C04F79EFBC}") = "CD Demo", "CD Demo\CD Demo.csproj", "{C9A64873-2B4C-4FC3-A63A-65766D3C2286}"
EndProject
Project("{FAE04EC0-301F-11D3-BF4B-00C04F79EFBC}") = "Circle Lab", "Circle Lab\Circle Lab.csproj", "{8C98959C-0CE9-4F19-84A5-DE75CFB4829F}"
EndProject
Project("{FAE04EC0-301F-11D3-BF4B-00C04F79EFBC}") = "TriangleDemo", "TriangleDemo\TriangleDemo.csproj", "{6A69B091-87AF-4720-8195-33253B2D6ACC}"
EndProject
Project("{FAE04EC0-301F-11D3-BF4B-00C04F79EFBC}") = "CarClassDemo", "CarClassDemo\CarClassDemo.csproj", "{D3E29241-067E-4AE5-92E2-B5393034BB30}"
EndProject
Project("{FAE04EC0-301F-11D3-BF4B-00C04F79EFBC}") = "ListOfObjects", "ListOfObjects\ListOfObjects.csproj", "{219F78FB-7BCC-41BC-80FF-F619C853CA4C}"
EndProject
Project("{FAE04EC0-301F-11D3-BF4B-00C04F79EFBC}") = "ListOfObjects2", "ListOfObjects2\ListOfObjects2.csproj", "{795A027D-AD90-4C86-9813-F383369ED52E}"
EndProject
Global
	GlobalSection(SolutionConfigurationPlatforms) = preSolution
		Debug|Any CPU = Debug|Any CPU
		Release|Any CPU = Release|Any CPU
	EndGlobalSection
	GlobalSection(ProjectConfigurationPlatforms) = postSolution
		{5C044A7B-F194-4E81-A8FF-A03711BF402F}.Debug|Any CPU.ActiveCfg = Debug|Any CPU
		{5C044A7B-F194-4E81-A8FF-A03711BF402F}.Debug|Any CPU.Build.0 = Debug|Any CPU
		{5C044A7B-F194-4E81-A8FF-A03711BF402F}.Release|Any CPU.ActiveCfg = Release|Any CPU
		{5C044A7B-F194-4E81-A8FF-A03711BF402F}.Release|Any CPU.Build.0 = Release|Any CPU
		{9EC2654F-3A48-4530-BC96-44B5BAFE43EA}.Debug|Any CPU.ActiveCfg = Debug|Any CPU
		{9EC2654F-3A48-4530-BC96-44B5BAFE43EA}.Debug|Any CPU.Build.0 = Debug|Any CPU
		{9EC2654F-3A48-4530-BC96-44B5BAFE43EA}.Release|Any CPU.ActiveCfg = Release|Any CPU
		{9EC2654F-3A48-4530-BC96-44B5BAFE43EA}.Release|Any CPU.Build.0 = Release|Any CPU
		{D0FB47E1-014C-4FFB-AD1D-191F3AF3C957}.Debug|Any CPU.ActiveCfg = Debug|Any CPU
		{D0FB47E1-014C-4FFB-AD1D-191F3AF3C957}.Debug|Any CPU.Build.0 = Debug|Any CPU
		{D0FB47E1-014C-4FFB-AD1D-191F3AF3C957}.Release|Any CPU.ActiveCfg = Release|Any CPU
		{D0FB47E1-014C-4FFB-AD1D-191F3AF3C957}.Release|Any CPU.Build.0 = Release|Any CPU
		{C9A64873-2B4C-4FC3-A63A-65766D3C2286}.Debug|Any CPU.ActiveCfg = Debug|Any CPU
		{C9A64873-2B4C-4FC3-A63A-65766D3C2286}.Debug|Any CPU.Build.0 = Debug|Any CPU
		{C9A64873-2B4C-4FC3-A63A-65766D3C2286}.Release|Any CPU.ActiveCfg = Release|Any CPU
		{C9A64873-2B4C-4FC3-A63A-65766D3C2286}.Release|Any CPU.Build.0 = Release|Any CPU
		{8C98959C-0CE9-4F19-84A5-DE75CFB4829F}.Debug|Any CPU.ActiveCfg = Debug|Any CPU
		{8C98959C-0CE9-4F19-84A5-DE75CFB4829F}.Debug|Any CPU.Build.0 = Debug|Any CPU
		{8C98959C-0CE9-4F19-84A5-DE75CFB4829F}.Release|Any CPU.ActiveCfg = Release|Any CPU
		{8C98959C-0CE9-4F19-84A5-DE75CFB4829F}.Release|Any CPU.Build.0 = Release|Any CPU
		{6A69B091-87AF-4720-8195-33253B2D6ACC}.Debug|Any CPU.ActiveCfg = Debug|Any CPU
		{6A69B091-87AF-4720-8195-33253B2D6ACC}.Debug|Any CPU.Build.0 = Debug|Any CPU
		{6A69B091-87AF-4720-8195-33253B2D6ACC}.Release|Any CPU.ActiveCfg = Release|Any CPU
		{6A69B091-87AF-4720-8195-33253B2D6ACC}.Release|Any CPU.Build.0 = Release|Any CPU
		{D3E29241-067E-4AE5-92E2-B5393034BB30}.Debug|Any CPU.ActiveCfg = Debug|Any CPU
		{D3E29241-067E-4AE5-92E2-B5393034BB30}.Debug|Any CPU.Build.0 = Debug|Any CPU
		{D3E29241-067E-4AE5-92E2-B5393034BB30}.Release|Any CPU.ActiveCfg = Release|Any CPU
		{D3E29241-067E-4AE5-92E2-B5393034BB30}.Release|Any CPU.Build.0 = Release|Any CPU
		{219F78FB-7BCC-41BC-80FF-F619C853CA4C}.Debug|Any CPU.ActiveCfg = Debug|Any CPU
		{219F78FB-7BCC-41BC-80FF-F619C853CA4C}.Debug|Any CPU.Build.0 = Debug|Any CPU
		{219F78FB-7BCC-41BC-80FF-F619C853CA4C}.Release|Any CPU.ActiveCfg = Release|Any CPU
		{219F78FB-7BCC-41BC-80FF-F619C853CA4C}.Release|Any CPU.Build.0 = Release|Any CPU
		{795A027D-AD90-4C86-9813-F383369ED52E}.Debug|Any CPU.ActiveCfg = Debug|Any CPU
		{795A027D-AD90-4C86-9813-F383369ED52E}.Debug|Any CPU.Build.0 = Debug|Any CPU
		{795A027D-AD90-4C86-9813-F383369ED52E}.Release|Any CPU.ActiveCfg = Release|Any CPU
		{795A027D-AD90-4C86-9813-F383369ED52E}.Release|Any CPU.Build.0 = Release|Any CPU
	EndGlobalSection
	GlobalSection(SolutionProperties) = preSolution
		HideSolutionNode = FALSE
	EndGlobalSection
	GlobalSection(ExtensibilityGlobals) = postSolution
		SolutionGuid = {F8FFB98E-1910-4254-A46B-182E0C99BC4C}
	EndGlobalSection
EndGlobal
